<?xml version="1.0" encoding="utf-8"?>
<Project ToolsVersion="4.0" xmlns="http://schemas.microsoft.com/developer/msbuild/2003">
  <ItemGroup>
    <Filter Include="소스 파일">
      <UniqueIdentifier>{4FC737F1-C7A5-4376-A066-2A32D752A2FF}</UniqueIdentifier>
      <Extensions>cpp;c;cc;cxx;def;odl;idl;hpj;bat;asm;asmx</Extensions>
    </Filter>
    <Filter Include="헤더 파일">
      <UniqueIdentifier>{93995380-89BD-4b04-88EB-625FBE52EBFB}</UniqueIdentifier>
      <Extensions>h;hh;hpp;hxx;hm;inl;inc;ipp;xsd</Extensions>
    </Filter>
    <Filter Include="리소스 파일">
      <UniqueIdentifier>{67DA6AB6-F800-4c08-8B7A-83BB121AAD01}</UniqueIdentifier>
      <Extensions>rc;ico;cur;bmp;dlg;rc2;rct;bin;rgs;gif;jpg;jpeg;jpe;resx;tiff;tif;png;wav;mfcribbon-ms</Extensions>
    </Filter>
    <Filter Include="cuda소스">
      <UniqueIdentifier>{6b9e7bca-feea-4124-b049-ad2e24229959}</UniqueIdentifier>
    </Filter>
    <Filter Include="cuda헤더">
      <UniqueIdentifier>{b78de77a-32a1-4b67-b2fb-19b0b215eace}</UniqueIdentifier>
    </Filter>
  </ItemGroup>
  <ItemGroup>
    <ClCompile Include="main.cpp">
      <Filter>소스 파일</Filter>
    </ClCompile>
    <ClCompile Include="..\nn_core\cpp_source\cuda_common.cpp">
      <Filter>소스 파일</Filter>
    </ClCompile>
    <ClCompile Include="..\nn_core\cpp_source\CudaCheck.cpp">
      <Filter>소스 파일</Filter>
    </ClCompile>
    <ClCompile Include="..\nn_core\cpp_source\Exception.cpp">
      <Filter>소스 파일</Filter>
    </ClCompile>
    <ClCompile Include="..\nn_core\cpp_source\ObjectID.cpp">
      <Filter>소스 파일</Filter>
    </ClCompile>
    <ClCompile Include="..\nn_core\cpp_source\nn_tensor.cpp">
      <Filter>소스 파일</Filter>
    </ClCompile>
  </ItemGroup>
  <ItemGroup>
    <ClInclude Include="..\nn_core\cpp_source\CudaCheck.h">
      <Filter>헤더 파일</Filter>
    </ClInclude>
    <ClInclude Include="..\nn_core\cpp_source\Exception.h">
      <Filter>헤더 파일</Filter>
    </ClInclude>
    <ClInclude Include="..\nn_core\cpp_source\ObjectID.h">
      <Filter>헤더 파일</Filter>
    </ClInclude>
    <ClInclude Include="..\nn_core\cpp_source\cuda_common.h">
      <Filter>헤더 파일</Filter>
    </ClInclude>
    <ClInclude Include="..\nn_core\cuda_source\convolution.cuh">
      <Filter>cuda헤더</Filter>
    </ClInclude>
    <ClInclude Include="..\nn_core\cpp_source\nn_tensor.h">
      <Filter>헤더 파일</Filter>
    </ClInclude>
  </ItemGroup>
  <ItemGroup>
    <CudaCompile Include="..\nn_core\cuda_source\convolution.cu">
      <Filter>cuda소스</Filter>
    </CudaCompile>
  </ItemGroup>
</Project>